
Microsoft Visual Studio Solution File, Format Version 12.00
# Visual Studio Version 17
VisualStudioVersion = 17.14.36804.6 d17.14
MinimumVisualStudioVersion = 10.0.40219.1
Project("{FAE04EC0-301F-11D3-BF4B-00C04F79EFBC}") = "TaskHub", "TaskHub.csproj", "{F9F204F1-5FCD-46FF-A9C2-5A1ACD3FDEBB}"
EndProject
Global
	GlobalSection(SolutionConfigurationPlatforms) = preSolution
		Debug|Any CPU = Debug|Any CPU
		Release|Any CPU = Release|Any CPU
	EndGlobalSection
	GlobalSection(ProjectConfigurationPlatforms) = postSolution
		{F9F204F1-5FCD-46FF-A9C2-5A1ACD3FDEBB}.Debug|Any CPU.ActiveCfg = Debug|Any CPU
		{F9F204F1-5FCD-46FF-A9C2-5A1ACD3FDEBB}.Debug|Any CPU.Build.0 = Debug|Any CPU
		{F9F204F1-5FCD-46FF-A9C2-5A1ACD3FDEBB}.Release|Any CPU.ActiveCfg = Release|Any CPU
		{F9F204F1-5FCD-46FF-A9C2-5A1ACD3FDEBB}.Release|Any CPU.Build.0 = Release|Any CPU
	EndGlobalSection
	GlobalSection(SolutionProperties) = preSolution
		HideSolutionNode = FALSE
	EndGlobalSection
	GlobalSection(ExtensibilityGlobals) = postSolution
		SolutionGuid = {56950922-872B-4A8C-BB44-B4B972A2A5FF}
	EndGlobalSection
EndGlobal
