
Microsoft Visual Studio Solution File, Format Version 12.00
# Visual Studio Version 17
VisualStudioVersion = 17.14.36804.6
MinimumVisualStudioVersion = 10.0.40219.1
Project("{FAE04EC0-301F-11D3-BF4B-00C04F79EFBC}") = "TaskHub", "src\Frontend\TaskHub.csproj", "{F9F204F1-5FCD-46FF-A9C2-5A1ACD3FDEBB}"
EndProject
Project("{FAE04EC0-301F-11D3-BF4B-00C04F79EFBC}") = "TaskHub.Resources", "src\Shared\TaskHub.Resources.csproj", "{599B8538-C571-4FB6-B923-2AE5BBD2A1BB}"
EndProject
Project("{2150E333-8FDC-42A3-9474-1A3956D46DE8}") = "src", "src", "{02EA681E-C7D8-13C7-8484-4AC65E1B71E8}"
EndProject
Project("{2150E333-8FDC-42A3-9474-1A3956D46DE8}") = "Frontend", "Frontend", "{25035A45-8AB3-4060-825B-52DB2F505CEE}"
EndProject
Project("{2150E333-8FDC-42A3-9474-1A3956D46DE8}") = "Shared", "Shared", "{6AFD4AD7-6DFC-4C08-A33A-CE4659A2650A}"
EndProject
Global
	GlobalSection(SolutionConfigurationPlatforms) = preSolution
		Debug|Any CPU = Debug|Any CPU
		Release|Any CPU = Release|Any CPU
	EndGlobalSection
	GlobalSection(ProjectConfigurationPlatforms) = postSolution
		{F9F204F1-5FCD-46FF-A9C2-5A1ACD3FDEBB}.Debug|Any CPU.ActiveCfg = Debug|Any CPU
		{F9F204F1-5FCD-46FF-A9C2-5A1ACD3FDEBB}.Debug|Any CPU.Build.0 = Debug|Any CPU
		{F9F204F1-5FCD-46FF-A9C2-5A1ACD3FDEBB}.Release|Any CPU.ActiveCfg = Release|Any CPU
		{F9F204F1-5FCD-46FF-A9C2-5A1ACD3FDEBB}.Release|Any CPU.Build.0 = Release|Any CPU
		{599B8538-C571-4FB6-B923-2AE5BBD2A1BB}.Debug|Any CPU.ActiveCfg = Debug|Any CPU
		{599B8538-C571-4FB6-B923-2AE5BBD2A1BB}.Debug|Any CPU.Build.0 = Debug|Any CPU
		{599B8538-C571-4FB6-B923-2AE5BBD2A1BB}.Release|Any CPU.ActiveCfg = Release|Any CPU
		{599B8538-C571-4FB6-B923-2AE5BBD2A1BB}.Release|Any CPU.Build.0 = Release|Any CPU
	EndGlobalSection
	GlobalSection(SolutionProperties) = preSolution
		HideSolutionNode = FALSE
	EndGlobalSection
	GlobalSection(NestedProjects) = preSolution
		{F9F204F1-5FCD-46FF-A9C2-5A1ACD3FDEBB} = {25035A45-8AB3-4060-825B-52DB2F505CEE}
		{599B8538-C571-4FB6-B923-2AE5BBD2A1BB} = {6AFD4AD7-6DFC-4C08-A33A-CE4659A2650A}
		{25035A45-8AB3-4060-825B-52DB2F505CEE} = {02EA681E-C7D8-13C7-8484-4AC65E1B71E8}
		{6AFD4AD7-6DFC-4C08-A33A-CE4659A2650A} = {02EA681E-C7D8-13C7-8484-4AC65E1B71E8}
	EndGlobalSection
	GlobalSection(ExtensibilityGlobals) = postSolution
		SolutionGuid = {56950922-872B-4A8C-BB44-B4B972A2A5FF}
	EndGlobalSection
EndGlobal
